
Microsoft Visual Studio Solution File, Format Version 12.00
# Visual Studio Version 16
VisualStudioVersion = 16.0.31911.196
MinimumVisualStudioVersion = 10.0.40219.1
Project("{9092AA53-FB77-4645-B42D-1CCCA6BD08BD}") = "TypescriptConsoleApp", "TypescriptConsoleApp.njsproj", "{765D0F66-FE41-4F94-A92F-84CE5BF11F01}"
EndProject
Global
	GlobalSection(SolutionConfigurationPlatforms) = preSolution
		Debug|Any CPU = Debug|Any CPU
		Release|Any CPU = Release|Any CPU
	EndGlobalSection
	GlobalSection(ProjectConfigurationPlatforms) = postSolution
		{765D0F66-FE41-4F94-A92F-84CE5BF11F01}.Debug|Any CPU.ActiveCfg = Debug|Any CPU
		{765D0F66-FE41-4F94-A92F-84CE5BF11F01}.Debug|Any CPU.Build.0 = Debug|Any CPU
		{765D0F66-FE41-4F94-A92F-84CE5BF11F01}.Release|Any CPU.ActiveCfg = Release|Any CPU
		{765D0F66-FE41-4F94-A92F-84CE5BF11F01}.Release|Any CPU.Build.0 = Release|Any CPU
	EndGlobalSection
	GlobalSection(SolutionProperties) = preSolution
		HideSolutionNode = FALSE
	EndGlobalSection
	GlobalSection(ExtensibilityGlobals) = postSolution
		SolutionGuid = {AA752D80-EA9F-4F9A-A2D1-4B5EA1EFDF60}
	EndGlobalSection
EndGlobal
